
Microsoft Visual Studio Solution File, Format Version 12.00
# Visual Studio Version 16
VisualStudioVersion = 25.0.1703.4
MinimumVisualStudioVersion = 10.0.40219.1
Project("{FAE04EC0-301F-11D3-BF4B-00C04F79EFBC}") = "codeFirst", "codeFirst.csproj", "{DF20AF5E-F415-4F3F-8BB5-B0DFEE1DB609}"
EndProject
Global
	GlobalSection(SolutionConfigurationPlatforms) = preSolution
		Debug|Any CPU = Debug|Any CPU
		Release|Any CPU = Release|Any CPU
	EndGlobalSection
	GlobalSection(ProjectConfigurationPlatforms) = postSolution
		{DF20AF5E-F415-4F3F-8BB5-B0DFEE1DB609}.Debug|Any CPU.ActiveCfg = Debug|Any CPU
		{DF20AF5E-F415-4F3F-8BB5-B0DFEE1DB609}.Debug|Any CPU.Build.0 = Debug|Any CPU
		{DF20AF5E-F415-4F3F-8BB5-B0DFEE1DB609}.Release|Any CPU.ActiveCfg = Release|Any CPU
		{DF20AF5E-F415-4F3F-8BB5-B0DFEE1DB609}.Release|Any CPU.Build.0 = Release|Any CPU
	EndGlobalSection
	GlobalSection(SolutionProperties) = preSolution
		HideSolutionNode = FALSE
	EndGlobalSection
	GlobalSection(ExtensibilityGlobals) = postSolution
		SolutionGuid = {FE46794A-3B25-4DF3-8BE7-D30F3A7F434F}
	EndGlobalSection
EndGlobal
